// !$*UTF8*$!
{
	archiveVersion = 1;
	classes = {
	};
	objectVersion = 50;
	objects = {

/* Begin PBXBuildFile section */
		C200E8AD26ABED9D009244DC /* homework_4.swift in Sources */ = {isa = PBXBuildFile; fileRef = C200E8AC26ABED9D009244DC /* homework_4.swift */; };
		C2217A0B2695E3710059B7D8 /* main.swift in Sources */ = {isa = PBXBuildFile; fileRef = C2217A0A2695E3710059B7D8 /* main.swift */; };
		C2217A182695E5E40059B7D8 /* homework_2.swift in Sources */ = {isa = PBXBuildFile; fileRef = C2217A172695E5E40059B7D8 /* homework_2.swift */; };
		C282FD9A26B2791700E72EA1 /* homework_5.swift in Sources */ = {isa = PBXBuildFile; fileRef = C282FD9926B2791700E72EA1 /* homework_5.swift */; };
		C282FD9F26B2C56D00E72EA1 /* homework_6.swift in Sources */ = {isa = PBXBuildFile; fileRef = C282FD9E26B2C56D00E72EA1 /* homework_6.swift */; };
		C295E61626A4237800EE6DD2 /* homework_3.swift in Sources */ = {isa = PBXBuildFile; fileRef = C295E61526A4237800EE6DD2 /* homework_3.swift */; };
		C2CADD69269C83A1001A5677 /* test_1.swift in Sources */ = {isa = PBXBuildFile; fileRef = C2CADD68269C83A1001A5677 /* test_1.swift */; };
/* End PBXBuildFile section */

/* Begin PBXCopyFilesBuildPhase section */
		C2217A052695E3710059B7D8 /* CopyFiles */ = {
			isa = PBXCopyFilesBuildPhase;
			buildActionMask = 2147483647;
			dstPath = /usr/share/man/man1/;
			dstSubfolderSpec = 0;
			files = (
			);
			runOnlyForDeploymentPostprocessing = 1;
		};
/* End PBXCopyFilesBuildPhase section */

/* Begin PBXFileReference section */
		C200E8AC26ABED9D009244DC /* homework_4.swift */ = {isa = PBXFileReference; lastKnownFileType = sourcecode.swift; path = homework_4.swift; sourceTree = "<group>"; };
		C2217A072695E3710059B7D8 /* Lessons */ = {isa = PBXFileReference; explicitFileType = "compiled.mach-o.executable"; includeInIndex = 0; path = Lessons; sourceTree = BUILT_PRODUCTS_DIR; };
		C2217A0A2695E3710059B7D8 /* main.swift */ = {isa = PBXFileReference; lastKnownFileType = sourcecode.swift; path = main.swift; sourceTree = "<group>"; };
		C2217A132695E3AD0059B7D8 /* homework_1_1.swift */ = {isa = PBXFileReference; lastKnownFileType = sourcecode.swift; path = homework_1_1.swift; sourceTree = "<group>"; };
		C2217A172695E5E40059B7D8 /* homework_2.swift */ = {isa = PBXFileReference; lastKnownFileType = sourcecode.swift; path = homework_2.swift; sourceTree = "<group>"; };
		C2217A1B2695EFC60059B7D8 /* homework_1_2.swift */ = {isa = PBXFileReference; lastKnownFileType = sourcecode.swift; path = homework_1_2.swift; sourceTree = "<group>"; };
		C2217A212695F3C80059B7D8 /* homework_1_3.swift */ = {isa = PBXFileReference; lastKnownFileType = sourcecode.swift; path = homework_1_3.swift; sourceTree = "<group>"; };
		C282FD9926B2791700E72EA1 /* homework_5.swift */ = {isa = PBXFileReference; lastKnownFileType = sourcecode.swift; path = homework_5.swift; sourceTree = "<group>"; };
		C282FD9E26B2C56D00E72EA1 /* homework_6.swift */ = {isa = PBXFileReference; lastKnownFileType = sourcecode.swift; path = homework_6.swift; sourceTree = "<group>"; };
		C295E61526A4237800EE6DD2 /* homework_3.swift */ = {isa = PBXFileReference; lastKnownFileType = sourcecode.swift; path = homework_3.swift; sourceTree = "<group>"; };
		C2CADD68269C83A1001A5677 /* test_1.swift */ = {isa = PBXFileReference; lastKnownFileType = sourcecode.swift; path = test_1.swift; sourceTree = "<group>"; };
/* End PBXFileReference section */

/* Begin PBXFrameworksBuildPhase section */
		C2217A042695E3710059B7D8 /* Frameworks */ = {
			isa = PBXFrameworksBuildPhase;
			buildActionMask = 2147483647;
			files = (
			);
			runOnlyForDeploymentPostprocessing = 0;
		};
/* End PBXFrameworksBuildPhase section */

/* Begin PBXGroup section */
		C200E8AB26ABED83009244DC /* lesson_4 */ = {
			isa = PBXGroup;
			children = (
				C200E8AC26ABED9D009244DC /* homework_4.swift */,
			);
			path = lesson_4;
			sourceTree = "<group>";
		};
		C22179FE2695E3700059B7D8 = {
			isa = PBXGroup;
			children = (
				C2217A092695E3710059B7D8 /* Lessons */,
				C2217A082695E3710059B7D8 /* Products */,
			);
			sourceTree = "<group>";
		};
		C2217A082695E3710059B7D8 /* Products */ = {
			isa = PBXGroup;
			children = (
				C2217A072695E3710059B7D8 /* Lessons */,
			);
			name = Products;
			sourceTree = "<group>";
		};
		C2217A092695E3710059B7D8 /* Lessons */ = {
			isa = PBXGroup;
			children = (
				C282FD9D26B2C55300E72EA1 /* lesson_6 */,
				C282FD9826B278F500E72EA1 /* lesson_5 */,
				C200E8AB26ABED83009244DC /* lesson_4 */,
				C295E61426A4235B00EE6DD2 /* lesson_3 */,
				C2CADD67269C836F001A5677 /* test */,
				C2217A162695E5CC0059B7D8 /* lesson_2 */,
				C2217A122695E38F0059B7D8 /* lesson_1 */,
				C2217A0A2695E3710059B7D8 /* main.swift */,
			);
			path = Lessons;
			sourceTree = "<group>";
		};
		C2217A122695E38F0059B7D8 /* lesson_1 */ = {
			isa = PBXGroup;
			children = (
				C2217A132695E3AD0059B7D8 /* homework_1_1.swift */,
				C2217A1B2695EFC60059B7D8 /* homework_1_2.swift */,
				C2217A212695F3C80059B7D8 /* homework_1_3.swift */,
			);
			path = lesson_1;
			sourceTree = "<group>";
		};
		C2217A162695E5CC0059B7D8 /* lesson_2 */ = {
			isa = PBXGroup;
			children = (
				C2217A172695E5E40059B7D8 /* homework_2.swift */,
			);
			path = lesson_2;
			sourceTree = "<group>";
		};
		C282FD9826B278F500E72EA1 /* lesson_5 */ = {
			isa = PBXGroup;
			children = (
				C282FD9926B2791700E72EA1 /* homework_5.swift */,
			);
			path = lesson_5;
			sourceTree = "<group>";
		};
		C282FD9D26B2C55300E72EA1 /* lesson_6 */ = {
			isa = PBXGroup;
			children = (
				C282FD9E26B2C56D00E72EA1 /* homework_6.swift */,
			);
			path = lesson_6;
			sourceTree = "<group>";
		};
		C295E61426A4235B00EE6DD2 /* lesson_3 */ = {
			isa = PBXGroup;
			children = (
				C295E61526A4237800EE6DD2 /* homework_3.swift */,
			);
			path = lesson_3;
			sourceTree = "<group>";
		};
		C2CADD67269C836F001A5677 /* test */ = {
			isa = PBXGroup;
			children = (
				C2CADD68269C83A1001A5677 /* test_1.swift */,
			);
			path = test;
			sourceTree = "<group>";
		};
/* End PBXGroup section */

/* Begin PBXNativeTarget section */
		C2217A062695E3710059B7D8 /* Lessons */ = {
			isa = PBXNativeTarget;
			buildConfigurationList = C2217A0E2695E3710059B7D8 /* Build configuration list for PBXNativeTarget "Lessons" */;
			buildPhases = (
				C2217A032695E3710059B7D8 /* Sources */,
				C2217A042695E3710059B7D8 /* Frameworks */,
				C2217A052695E3710059B7D8 /* CopyFiles */,
			);
			buildRules = (
			);
			dependencies = (
			);
			name = Lessons;
			productName = Lessons;
			productReference = C2217A072695E3710059B7D8 /* Lessons */;
			productType = "com.apple.product-type.tool";
		};
/* End PBXNativeTarget section */

/* Begin PBXProject section */
		C22179FF2695E3700059B7D8 /* Project object */ = {
			isa = PBXProject;
			attributes = {
				LastSwiftUpdateCheck = 1240;
				LastUpgradeCheck = 1240;
				TargetAttributes = {
					C2217A062695E3710059B7D8 = {
						CreatedOnToolsVersion = 12.4;
					};
				};
			};
			buildConfigurationList = C2217A022695E3700059B7D8 /* Build configuration list for PBXProject "Lessons" */;
			compatibilityVersion = "Xcode 9.3";
			developmentRegion = en;
			hasScannedForEncodings = 0;
			knownRegions = (
				en,
				Base,
			);
			mainGroup = C22179FE2695E3700059B7D8;
			productRefGroup = C2217A082695E3710059B7D8 /* Products */;
			projectDirPath = "";
			projectRoot = "";
			targets = (
				C2217A062695E3710059B7D8 /* Lessons */,
			);
		};
/* End PBXProject section */

/* Begin PBXSourcesBuildPhase section */
		C2217A032695E3710059B7D8 /* Sources */ = {
			isa = PBXSourcesBuildPhase;
			buildActionMask = 2147483647;
			files = (
				C282FD9F26B2C56D00E72EA1 /* homework_6.swift in Sources */,
				C2217A0B2695E3710059B7D8 /* main.swift in Sources */,
				C200E8AD26ABED9D009244DC /* homework_4.swift in Sources */,
				C295E61626A4237800EE6DD2 /* homework_3.swift in Sources */,
				C2217A182695E5E40059B7D8 /* homework_2.swift in Sources */,
				C2CADD69269C83A1001A5677 /* test_1.swift in Sources */,
				C282FD9A26B2791700E72EA1 /* homework_5.swift in Sources */,
			);
			runOnlyForDeploymentPostprocessing = 0;
		};
/* End PBXSourcesBuildPhase section */

/* Begin XCBuildConfiguration section */
		C2217A0C2695E3710059B7D8 /* Debug */ = {
			isa = XCBuildConfiguration;
			buildSettings = {
				ALWAYS_SEARCH_USER_PATHS = NO;
				CLANG_ANALYZER_NONNULL = YES;
				CLANG_ANALYZER_NUMBER_OBJECT_CONVERSION = YES_AGGRESSIVE;
				CLANG_CXX_LANGUAGE_STANDARD = "gnu++14";
				CLANG_CXX_LIBRARY = "libc++";
				CLANG_ENABLE_MODULES = YES;
				CLANG_ENABLE_OBJC_ARC = YES;
				CLANG_ENABLE_OBJC_WEAK = YES;
				CLANG_WARN_BLOCK_CAPTURE_AUTORELEASING = YES;
				CLANG_WARN_BOOL_CONVERSION = YES;
				CLANG_WARN_COMMA = YES;
				CLANG_WARN_CONSTANT_CONVERSION = YES;
				CLANG_WARN_DEPRECATED_OBJC_IMPLEMENTATIONS = YES;
				CLANG_WARN_DIRECT_OBJC_ISA_USAGE = YES_ERROR;
				CLANG_WARN_DOCUMENTATION_COMMENTS = YES;
				CLANG_WARN_EMPTY_BODY = YES;
				CLANG_WARN_ENUM_CONVERSION = YES;
				CLANG_WARN_INFINITE_RECURSION = YES;
				CLANG_WARN_INT_CONVERSION = YES;
				CLANG_WARN_NON_LITERAL_NULL_CONVERSION = YES;
				CLANG_WARN_OBJC_IMPLICIT_RETAIN_SELF = YES;
				CLANG_WARN_OBJC_LITERAL_CONVERSION = YES;
				CLANG_WARN_OBJC_ROOT_CLASS = YES_ERROR;
				CLANG_WARN_QUOTED_INCLUDE_IN_FRAMEWORK_HEADER = YES;
				CLANG_WARN_RANGE_LOOP_ANALYSIS = YES;
				CLANG_WARN_STRICT_PROTOTYPES = YES;
				CLANG_WARN_SUSPICIOUS_MOVE = YES;
				CLANG_WARN_UNGUARDED_AVAILABILITY = YES_AGGRESSIVE;
				CLANG_WARN_UNREACHABLE_CODE = YES;
				CLANG_WARN__DUPLICATE_METHOD_MATCH = YES;
				COPY_PHASE_STRIP = NO;
				DEBUG_INFORMATION_FORMAT = dwarf;
				ENABLE_STRICT_OBJC_MSGSEND = YES;
				ENABLE_TESTABILITY = YES;
				GCC_C_LANGUAGE_STANDARD = gnu11;
				GCC_DYNAMIC_NO_PIC = NO;
				GCC_NO_COMMON_BLOCKS = YES;
				GCC_OPTIMIZATION_LEVEL = 0;
				GCC_PREPROCESSOR_DEFINITIONS = (
					"DEBUG=1",
					"$(inherited)",
				);
				GCC_WARN_64_TO_32_BIT_CONVERSION = YES;
				GCC_WARN_ABOUT_RETURN_TYPE = YES_ERROR;
				GCC_WARN_UNDECLARED_SELECTOR = YES;
				GCC_WARN_UNINITIALIZED_AUTOS = YES_AGGRESSIVE;
				GCC_WARN_UNUSED_FUNCTION = YES;
				GCC_WARN_UNUSED_VARIABLE = YES;
				MACOSX_DEPLOYMENT_TARGET = 10.15;
				MTL_ENABLE_DEBUG_INFO = INCLUDE_SOURCE;
				MTL_FAST_MATH = YES;
				ONLY_ACTIVE_ARCH = YES;
				SDKROOT = macosx;
				SWIFT_ACTIVE_COMPILATION_CONDITIONS = DEBUG;
				SWIFT_OPTIMIZATION_LEVEL = "-Onone";
			};
			name = Debug;
		};
		C2217A0D2695E3710059B7D8 /* Release */ = {
			isa = XCBuildConfiguration;
			buildSettings = {
				ALWAYS_SEARCH_USER_PATHS = NO;
				CLANG_ANALYZER_NONNULL = YES;
				CLANG_ANALYZER_NUMBER_OBJECT_CONVERSION = YES_AGGRESSIVE;
				CLANG_CXX_LANGUAGE_STANDARD = "gnu++14";
				CLANG_CXX_LIBRARY = "libc++";
				CLANG_ENABLE_MODULES = YES;
				CLANG_ENABLE_OBJC_ARC = YES;
				CLANG_ENABLE_OBJC_WEAK = YES;
				CLANG_WARN_BLOCK_CAPTURE_AUTORELEASING = YES;
				CLANG_WARN_BOOL_CONVERSION = YES;
				CLANG_WARN_COMMA = YES;
				CLANG_WARN_CONSTANT_CONVERSION = YES;
				CLANG_WARN_DEPRECATED_OBJC_IMPLEMENTATIONS = YES;
				CLANG_WARN_DIRECT_OBJC_ISA_USAGE = YES_ERROR;
				CLANG_WARN_DOCUMENTATION_COMMENTS = YES;
				CLANG_WARN_EMPTY_BODY = YES;
				CLANG_WARN_ENUM_CONVERSION = YES;
				CLANG_WARN_INFINITE_RECURSION = YES;
				CLANG_WARN_INT_CONVERSION = YES;
				CLANG_WARN_NON_LITERAL_NULL_CONVERSION = YES;
				CLANG_WARN_OBJC_IMPLICIT_RETAIN_SELF = YES;
				CLANG_WARN_OBJC_LITERAL_CONVERSION = YES;
				CLANG_WARN_OBJC_ROOT_CLASS = YES_ERROR;
				CLANG_WARN_QUOTED_INCLUDE_IN_FRAMEWORK_HEADER = YES;
				CLANG_WARN_RANGE_LOOP_ANALYSIS = YES;
				CLANG_WARN_STRICT_PROTOTYPES = YES;
				CLANG_WARN_SUSPICIOUS_MOVE = YES;
				CLANG_WARN_UNGUARDED_AVAILABILITY = YES_AGGRESSIVE;
				CLANG_WARN_UNREACHABLE_CODE = YES;
				CLANG_WARN__DUPLICATE_METHOD_MATCH = YES;
				COPY_PHASE_STRIP = NO;
				DEBUG_INFORMATION_FORMAT = "dwarf-with-dsym";
				ENABLE_NS_ASSERTIONS = NO;
				ENABLE_STRICT_OBJC_MSGSEND = YES;
				GCC_C_LANGUAGE_STANDARD = gnu11;
				GCC_NO_COMMON_BLOCKS = YES;
				GCC_WARN_64_TO_32_BIT_CONVERSION = YES;
				GCC_WARN_ABOUT_RETURN_TYPE = YES_ERROR;
				GCC_WARN_UNDECLARED_SELECTOR = YES;
				GCC_WARN_UNINITIALIZED_AUTOS = YES_AGGRESSIVE;
				GCC_WARN_UNUSED_FUNCTION = YES;
				GCC_WARN_UNUSED_VARIABLE = YES;
				MACOSX_DEPLOYMENT_TARGET = 10.15;
				MTL_ENABLE_DEBUG_INFO = NO;
				MTL_FAST_MATH = YES;
				SDKROOT = macosx;
				SWIFT_COMPILATION_MODE = wholemodule;
				SWIFT_OPTIMIZATION_LEVEL = "-O";
			};
			name = Release;
		};
		C2217A0F2695E3710059B7D8 /* Debug */ = {
			isa = XCBuildConfiguration;
			buildSettings = {
				CODE_SIGN_STYLE = Automatic;
				PRODUCT_NAME = "$(TARGET_NAME)";
				SWIFT_VERSION = 5.0;
			};
			name = Debug;
		};
		C2217A102695E3710059B7D8 /* Release */ = {
			isa = XCBuildConfiguration;
			buildSettings = {
				CODE_SIGN_STYLE = Automatic;
				PRODUCT_NAME = "$(TARGET_NAME)";
				SWIFT_VERSION = 5.0;
			};
			name = Release;
		};
/* End XCBuildConfiguration section */

/* Begin XCConfigurationList section */
		C2217A022695E3700059B7D8 /* Build configuration list for PBXProject "Lessons" */ = {
			isa = XCConfigurationList;
			buildConfigurations = (
				C2217A0C2695E3710059B7D8 /* Debug */,
				C2217A0D2695E3710059B7D8 /* Release */,
			);
			defaultConfigurationIsVisible = 0;
			defaultConfigurationName = Release;
		};
		C2217A0E2695E3710059B7D8 /* Build configuration list for PBXNativeTarget "Lessons" */ = {
			isa = XCConfigurationList;
			buildConfigurations = (
				C2217A0F2695E3710059B7D8 /* Debug */,
				C2217A102695E3710059B7D8 /* Release */,
			);
			defaultConfigurationIsVisible = 0;
			defaultConfigurationName = Release;
		};
/* End XCConfigurationList section */
	};
	rootObject = C22179FF2695E3700059B7D8 /* Project object */;
}
